
Microsoft Visual Studio Solution File, Format Version 12.00
# Visual Studio 15
VisualStudioVersion = 15.0.27703.2026
MinimumVisualStudioVersion = 10.0.40219.1
Project("{00D1A9C2-B5F0-4AF3-8072-F6C62B433612}") = "BaseDeDatos", "BaseDeDatos\BaseDeDatos.sqlproj", "{CBEEF79A-8E7F-4FB6-A672-CD0AF825C816}"
EndProject
Project("{FAE04EC0-301F-11D3-BF4B-00C04F79EFBC}") = "WebAPI", "WebAPI\WebAPI.csproj", "{0A1F1B71-A748-4A1B-BEB1-23BEF3430E6C}"
EndProject
Project("{FAE04EC0-301F-11D3-BF4B-00C04F79EFBC}") = "WebAPI.Tests", "WebAPI.Tests\WebAPI.Tests.csproj", "{583823A5-C815-4494-8703-87DDA7F087AB}"
EndProject
Global
	GlobalSection(SolutionConfigurationPlatforms) = preSolution
		Debug|Any CPU = Debug|Any CPU
		Release|Any CPU = Release|Any CPU
	EndGlobalSection
	GlobalSection(ProjectConfigurationPlatforms) = postSolution
		{CBEEF79A-8E7F-4FB6-A672-CD0AF825C816}.Debug|Any CPU.ActiveCfg = Debug|Any CPU
		{CBEEF79A-8E7F-4FB6-A672-CD0AF825C816}.Debug|Any CPU.Build.0 = Debug|Any CPU
		{CBEEF79A-8E7F-4FB6-A672-CD0AF825C816}.Debug|Any CPU.Deploy.0 = Debug|Any CPU
		{CBEEF79A-8E7F-4FB6-A672-CD0AF825C816}.Release|Any CPU.ActiveCfg = Release|Any CPU
		{CBEEF79A-8E7F-4FB6-A672-CD0AF825C816}.Release|Any CPU.Build.0 = Release|Any CPU
		{CBEEF79A-8E7F-4FB6-A672-CD0AF825C816}.Release|Any CPU.Deploy.0 = Release|Any CPU
		{0A1F1B71-A748-4A1B-BEB1-23BEF3430E6C}.Debug|Any CPU.ActiveCfg = Debug|Any CPU
		{0A1F1B71-A748-4A1B-BEB1-23BEF3430E6C}.Debug|Any CPU.Build.0 = Debug|Any CPU
		{0A1F1B71-A748-4A1B-BEB1-23BEF3430E6C}.Release|Any CPU.ActiveCfg = Release|Any CPU
		{0A1F1B71-A748-4A1B-BEB1-23BEF3430E6C}.Release|Any CPU.Build.0 = Release|Any CPU
		{583823A5-C815-4494-8703-87DDA7F087AB}.Debug|Any CPU.ActiveCfg = Debug|Any CPU
		{583823A5-C815-4494-8703-87DDA7F087AB}.Debug|Any CPU.Build.0 = Debug|Any CPU
		{583823A5-C815-4494-8703-87DDA7F087AB}.Release|Any CPU.ActiveCfg = Release|Any CPU
		{583823A5-C815-4494-8703-87DDA7F087AB}.Release|Any CPU.Build.0 = Release|Any CPU
	EndGlobalSection
	GlobalSection(SolutionProperties) = preSolution
		HideSolutionNode = FALSE
	EndGlobalSection
	GlobalSection(ExtensibilityGlobals) = postSolution
		SolutionGuid = {D2C28157-C9DA-4213-A367-4BADE9AA1563}
	EndGlobalSection
EndGlobal
